{
  "name": "component-library",
  "lockfileVersion": 3,
  "requires": true,
  "packages": {
    "": {
      "devDependencies": {
        "chromatic": "^13.1.3"
      }
    },
    "node_modules/chromatic": {
      "version": "13.1.3",
      "resolved": "https://registry.npmjs.org/chromatic/-/chromatic-13.1.3.tgz",
      "integrity": "sha512-aOZDwg1PsDe9/UhiXqS6EJPoCGK91hYbj3HaunV/0Ij492eWLkXIzku/e5cF1t7Ma7cAuGpCQDo0vGHg0UO91w==",
      "dev": true,
      "bin": {
        "chroma": "dist/bin.js",
        "chromatic": "dist/bin.js",
        "chromatic-cli": "dist/bin.js"
      },
      "peerDependencies": {
        "@chromatic-com/cypress": "^0.*.* || ^1.0.0",
        "@chromatic-com/playwright": "^0.*.* || ^1.0.0"
      },
      "peerDependenciesMeta": {
        "@chromatic-com/cypress": {
          "optional": true
        },
        "@chromatic-com/playwright": {
          "optional": true
        }
      }
    }
  }
}
